
Microsoft Visual Studio Solution File, Format Version 12.00
# Visual Studio 2017
Project("{FAE04EC0-301F-11D3-BF4B-00C04F79EFBC}") = "Ascension.Plugins", "Ascension.Plugins.csproj", "{40980B49-A07A-61F1-EE5B-EECBF3DF5BF6}"
EndProject
Project("{FAE04EC0-301F-11D3-BF4B-00C04F79EFBC}") = "Ascension", "Ascension.csproj", "{FB28F30D-2548-9DBB-5030-34CE828EC250}"
EndProject
Project("{FAE04EC0-301F-11D3-BF4B-00C04F79EFBC}") = "Ascension.Editor.Plugins", "Ascension.Editor.Plugins.csproj", "{AB139928-DA20-9505-1B0B-D8F33514B85D}"
EndProject
Global
	GlobalSection(SolutionConfigurationPlatforms) = preSolution
		Debug|Any CPU = Debug|Any CPU
		Release|Any CPU = Release|Any CPU
	EndGlobalSection
	GlobalSection(ProjectConfigurationPlatforms) = postSolution
		{40980B49-A07A-61F1-EE5B-EECBF3DF5BF6}.Debug|Any CPU.ActiveCfg = Debug|Any CPU
		{40980B49-A07A-61F1-EE5B-EECBF3DF5BF6}.Debug|Any CPU.Build.0 = Debug|Any CPU
		{40980B49-A07A-61F1-EE5B-EECBF3DF5BF6}.Release|Any CPU.ActiveCfg = Release|Any CPU
		{40980B49-A07A-61F1-EE5B-EECBF3DF5BF6}.Release|Any CPU.Build.0 = Release|Any CPU
		{FB28F30D-2548-9DBB-5030-34CE828EC250}.Debug|Any CPU.ActiveCfg = Debug|Any CPU
		{FB28F30D-2548-9DBB-5030-34CE828EC250}.Debug|Any CPU.Build.0 = Debug|Any CPU
		{FB28F30D-2548-9DBB-5030-34CE828EC250}.Release|Any CPU.ActiveCfg = Release|Any CPU
		{FB28F30D-2548-9DBB-5030-34CE828EC250}.Release|Any CPU.Build.0 = Release|Any CPU
		{AB139928-DA20-9505-1B0B-D8F33514B85D}.Debug|Any CPU.ActiveCfg = Debug|Any CPU
		{AB139928-DA20-9505-1B0B-D8F33514B85D}.Debug|Any CPU.Build.0 = Debug|Any CPU
		{AB139928-DA20-9505-1B0B-D8F33514B85D}.Release|Any CPU.ActiveCfg = Release|Any CPU
		{AB139928-DA20-9505-1B0B-D8F33514B85D}.Release|Any CPU.Build.0 = Release|Any CPU
	EndGlobalSection
	GlobalSection(SolutionProperties) = preSolution
		HideSolutionNode = FALSE
	EndGlobalSection
EndGlobal
